// !$*UTF8*$!
{
	archiveVersion = 1;
	classes = {
	};
	objectVersion = 56;
	objects = {

/* Begin PBXBuildFile section */
		2E496F822ADDCD0800ADAC9F /* MapAssignmentApp.swift in Sources */ = {isa = PBXBuildFile; fileRef = 2E496F812ADDCD0800ADAC9F /* MapAssignmentApp.swift */; };
		2E496F842ADDCD0800ADAC9F /* ContentView.swift in Sources */ = {isa = PBXBuildFile; fileRef = 2E496F832ADDCD0800ADAC9F /* ContentView.swift */; };
		2E496F862ADDCD0900ADAC9F /* Assets.xcassets in Resources */ = {isa = PBXBuildFile; fileRef = 2E496F852ADDCD0900ADAC9F /* Assets.xcassets */; };
		2E496F8A2ADDCD0900ADAC9F /* Preview Assets.xcassets in Resources */ = {isa = PBXBuildFile; fileRef = 2E496F892ADDCD0900ADAC9F /* Preview Assets.xcassets */; };
		2E496F942ADDCD0900ADAC9F /* MapAssignmentTests.swift in Sources */ = {isa = PBXBuildFile; fileRef = 2E496F932ADDCD0900ADAC9F /* MapAssignmentTests.swift */; };
		2E496F9E2ADDCD0900ADAC9F /* MapAssignmentUITests.swift in Sources */ = {isa = PBXBuildFile; fileRef = 2E496F9D2ADDCD0900ADAC9F /* MapAssignmentUITests.swift */; };
		2E496FA02ADDCD0900ADAC9F /* MapAssignmentUITestsLaunchTests.swift in Sources */ = {isa = PBXBuildFile; fileRef = 2E496F9F2ADDCD0900ADAC9F /* MapAssignmentUITestsLaunchTests.swift */; };
		2E496FAD2ADE0C6000ADAC9F /* MapViewPage.swift in Sources */ = {isa = PBXBuildFile; fileRef = 2E496FAC2ADE0C6000ADAC9F /* MapViewPage.swift */; };
		2E496FAF2ADE0D5600ADAC9F /* HomeViewPage.swift in Sources */ = {isa = PBXBuildFile; fileRef = 2E496FAE2ADE0D5600ADAC9F /* HomeViewPage.swift */; };
		2E496FB12ADE376B00ADAC9F /* NotificationPage.swift in Sources */ = {isa = PBXBuildFile; fileRef = 2E496FB02ADE376B00ADAC9F /* NotificationPage.swift */; };
/* End PBXBuildFile section */

/* Begin PBXContainerItemProxy section */
		2E496F902ADDCD0900ADAC9F /* PBXContainerItemProxy */ = {
			isa = PBXContainerItemProxy;
			containerPortal = 2E496F762ADDCD0800ADAC9F /* Project object */;
			proxyType = 1;
			remoteGlobalIDString = 2E496F7D2ADDCD0800ADAC9F;
			remoteInfo = MapAssignment;
		};
		2E496F9A2ADDCD0900ADAC9F /* PBXContainerItemProxy */ = {
			isa = PBXContainerItemProxy;
			containerPortal = 2E496F762ADDCD0800ADAC9F /* Project object */;
			proxyType = 1;
			remoteGlobalIDString = 2E496F7D2ADDCD0800ADAC9F;
			remoteInfo = MapAssignment;
		};
/* End PBXContainerItemProxy section */

/* Begin PBXFileReference section */
		2E496F7E2ADDCD0800ADAC9F /* MapAssignment.app */ = {isa = PBXFileReference; explicitFileType = wrapper.application; includeInIndex = 0; path = MapAssignment.app; sourceTree = BUILT_PRODUCTS_DIR; };
		2E496F812ADDCD0800ADAC9F /* MapAssignmentApp.swift */ = {isa = PBXFileReference; lastKnownFileType = sourcecode.swift; path = MapAssignmentApp.swift; sourceTree = "<group>"; };
		2E496F832ADDCD0800ADAC9F /* ContentView.swift */ = {isa = PBXFileReference; lastKnownFileType = sourcecode.swift; path = ContentView.swift; sourceTree = "<group>"; };
		2E496F852ADDCD0900ADAC9F /* Assets.xcassets */ = {isa = PBXFileReference; lastKnownFileType = folder.assetcatalog; path = Assets.xcassets; sourceTree = "<group>"; };
		2E496F872ADDCD0900ADAC9F /* MapAssignment.entitlements */ = {isa = PBXFileReference; lastKnownFileType = text.plist.entitlements; path = MapAssignment.entitlements; sourceTree = "<group>"; };
		2E496F892ADDCD0900ADAC9F /* Preview Assets.xcassets */ = {isa = PBXFileReference; lastKnownFileType = folder.assetcatalog; path = "Preview Assets.xcassets"; sourceTree = "<group>"; };
		2E496F8F2ADDCD0900ADAC9F /* MapAssignmentTests.xctest */ = {isa = PBXFileReference; explicitFileType = wrapper.cfbundle; includeInIndex = 0; path = MapAssignmentTests.xctest; sourceTree = BUILT_PRODUCTS_DIR; };
		2E496F932ADDCD0900ADAC9F /* MapAssignmentTests.swift */ = {isa = PBXFileReference; lastKnownFileType = sourcecode.swift; path = MapAssignmentTests.swift; sourceTree = "<group>"; };
		2E496F992ADDCD0900ADAC9F /* MapAssignmentUITests.xctest */ = {isa = PBXFileReference; explicitFileType = wrapper.cfbundle; includeInIndex = 0; path = MapAssignmentUITests.xctest; sourceTree = BUILT_PRODUCTS_DIR; };
		2E496F9D2ADDCD0900ADAC9F /* MapAssignmentUITests.swift */ = {isa = PBXFileReference; lastKnownFileType = sourcecode.swift; path = MapAssignmentUITests.swift; sourceTree = "<group>"; };
		2E496F9F2ADDCD0900ADAC9F /* MapAssignmentUITestsLaunchTests.swift */ = {isa = PBXFileReference; lastKnownFileType = sourcecode.swift; path = MapAssignmentUITestsLaunchTests.swift; sourceTree = "<group>"; };
		2E496FAC2ADE0C6000ADAC9F /* MapViewPage.swift */ = {isa = PBXFileReference; lastKnownFileType = sourcecode.swift; path = MapViewPage.swift; sourceTree = "<group>"; };
		2E496FAE2ADE0D5600ADAC9F /* HomeViewPage.swift */ = {isa = PBXFileReference; lastKnownFileType = sourcecode.swift; path = HomeViewPage.swift; sourceTree = "<group>"; };
		2E496FB02ADE376B00ADAC9F /* NotificationPage.swift */ = {isa = PBXFileReference; lastKnownFileType = sourcecode.swift; path = NotificationPage.swift; sourceTree = "<group>"; };
/* End PBXFileReference section */

/* Begin PBXFrameworksBuildPhase section */
		2E496F7B2ADDCD0800ADAC9F /* Frameworks */ = {
			isa = PBXFrameworksBuildPhase;
			buildActionMask = 2147483647;
			files = (
			);
			runOnlyForDeploymentPostprocessing = 0;
		};
		2E496F8C2ADDCD0900ADAC9F /* Frameworks */ = {
			isa = PBXFrameworksBuildPhase;
			buildActionMask = 2147483647;
			files = (
			);
			runOnlyForDeploymentPostprocessing = 0;
		};
		2E496F962ADDCD0900ADAC9F /* Frameworks */ = {
			isa = PBXFrameworksBuildPhase;
			buildActionMask = 2147483647;
			files = (
			);
			runOnlyForDeploymentPostprocessing = 0;
		};
/* End PBXFrameworksBuildPhase section */

/* Begin PBXGroup section */
		2E496F752ADDCD0800ADAC9F = {
			isa = PBXGroup;
			children = (
				2E496F802ADDCD0800ADAC9F /* MapAssignment */,
				2E496F922ADDCD0900ADAC9F /* MapAssignmentTests */,
				2E496F9C2ADDCD0900ADAC9F /* MapAssignmentUITests */,
				2E496F7F2ADDCD0800ADAC9F /* Products */,
			);
			sourceTree = "<group>";
		};
		2E496F7F2ADDCD0800ADAC9F /* Products */ = {
			isa = PBXGroup;
			children = (
				2E496F7E2ADDCD0800ADAC9F /* MapAssignment.app */,
				2E496F8F2ADDCD0900ADAC9F /* MapAssignmentTests.xctest */,
				2E496F992ADDCD0900ADAC9F /* MapAssignmentUITests.xctest */,
			);
			name = Products;
			sourceTree = "<group>";
		};
		2E496F802ADDCD0800ADAC9F /* MapAssignment */ = {
			isa = PBXGroup;
			children = (
				2E496F812ADDCD0800ADAC9F /* MapAssignmentApp.swift */,
				2E496F832ADDCD0800ADAC9F /* ContentView.swift */,
				2E496FB02ADE376B00ADAC9F /* NotificationPage.swift */,
				2E496FAE2ADE0D5600ADAC9F /* HomeViewPage.swift */,
				2E496FAC2ADE0C6000ADAC9F /* MapViewPage.swift */,
				2E496F852ADDCD0900ADAC9F /* Assets.xcassets */,
				2E496F872ADDCD0900ADAC9F /* MapAssignment.entitlements */,
				2E496F882ADDCD0900ADAC9F /* Preview Content */,
			);
			path = MapAssignment;
			sourceTree = "<group>";
		};
		2E496F882ADDCD0900ADAC9F /* Preview Content */ = {
			isa = PBXGroup;
			children = (
				2E496F892ADDCD0900ADAC9F /* Preview Assets.xcassets */,
			);
			path = "Preview Content";
			sourceTree = "<group>";
		};
		2E496F922ADDCD0900ADAC9F /* MapAssignmentTests */ = {
			isa = PBXGroup;
			children = (
				2E496F932ADDCD0900ADAC9F /* MapAssignmentTests.swift */,
			);
			path = MapAssignmentTests;
			sourceTree = "<group>";
		};
		2E496F9C2ADDCD0900ADAC9F /* MapAssignmentUITests */ = {
			isa = PBXGroup;
			children = (
				2E496F9D2ADDCD0900ADAC9F /* MapAssignmentUITests.swift */,
				2E496F9F2ADDCD0900ADAC9F /* MapAssignmentUITestsLaunchTests.swift */,
			);
			path = MapAssignmentUITests;
			sourceTree = "<group>";
		};
/* End PBXGroup section */

/* Begin PBXNativeTarget section */
		2E496F7D2ADDCD0800ADAC9F /* MapAssignment */ = {
			isa = PBXNativeTarget;
			buildConfigurationList = 2E496FA32ADDCD0900ADAC9F /* Build configuration list for PBXNativeTarget "MapAssignment" */;
			buildPhases = (
				2E496F7A2ADDCD0800ADAC9F /* Sources */,
				2E496F7B2ADDCD0800ADAC9F /* Frameworks */,
				2E496F7C2ADDCD0800ADAC9F /* Resources */,
			);
			buildRules = (
			);
			dependencies = (
			);
			name = MapAssignment;
			productName = MapAssignment;
			productReference = 2E496F7E2ADDCD0800ADAC9F /* MapAssignment.app */;
			productType = "com.apple.product-type.application";
		};
		2E496F8E2ADDCD0900ADAC9F /* MapAssignmentTests */ = {
			isa = PBXNativeTarget;
			buildConfigurationList = 2E496FA62ADDCD0900ADAC9F /* Build configuration list for PBXNativeTarget "MapAssignmentTests" */;
			buildPhases = (
				2E496F8B2ADDCD0900ADAC9F /* Sources */,
				2E496F8C2ADDCD0900ADAC9F /* Frameworks */,
				2E496F8D2ADDCD0900ADAC9F /* Resources */,
			);
			buildRules = (
			);
			dependencies = (
				2E496F912ADDCD0900ADAC9F /* PBXTargetDependency */,
			);
			name = MapAssignmentTests;
			productName = MapAssignmentTests;
			productReference = 2E496F8F2ADDCD0900ADAC9F /* MapAssignmentTests.xctest */;
			productType = "com.apple.product-type.bundle.unit-test";
		};
		2E496F982ADDCD0900ADAC9F /* MapAssignmentUITests */ = {
			isa = PBXNativeTarget;
			buildConfigurationList = 2E496FA92ADDCD0900ADAC9F /* Build configuration list for PBXNativeTarget "MapAssignmentUITests" */;
			buildPhases = (
				2E496F952ADDCD0900ADAC9F /* Sources */,
				2E496F962ADDCD0900ADAC9F /* Frameworks */,
				2E496F972ADDCD0900ADAC9F /* Resources */,
			);
			buildRules = (
			);
			dependencies = (
				2E496F9B2ADDCD0900ADAC9F /* PBXTargetDependency */,
			);
			name = MapAssignmentUITests;
			productName = MapAssignmentUITests;
			productReference = 2E496F992ADDCD0900ADAC9F /* MapAssignmentUITests.xctest */;
			productType = "com.apple.product-type.bundle.ui-testing";
		};
/* End PBXNativeTarget section */

/* Begin PBXProject section */
		2E496F762ADDCD0800ADAC9F /* Project object */ = {
			isa = PBXProject;
			attributes = {
				BuildIndependentTargetsInParallel = 1;
				LastSwiftUpdateCheck = 1500;
				LastUpgradeCheck = 1500;
				TargetAttributes = {
					2E496F7D2ADDCD0800ADAC9F = {
						CreatedOnToolsVersion = 15.0;
					};
					2E496F8E2ADDCD0900ADAC9F = {
						CreatedOnToolsVersion = 15.0;
						TestTargetID = 2E496F7D2ADDCD0800ADAC9F;
					};
					2E496F982ADDCD0900ADAC9F = {
						CreatedOnToolsVersion = 15.0;
						TestTargetID = 2E496F7D2ADDCD0800ADAC9F;
					};
				};
			};
			buildConfigurationList = 2E496F792ADDCD0800ADAC9F /* Build configuration list for PBXProject "MapAssignment" */;
			compatibilityVersion = "Xcode 14.0";
			developmentRegion = en;
			hasScannedForEncodings = 0;
			knownRegions = (
				en,
				Base,
			);
			mainGroup = 2E496F752ADDCD0800ADAC9F;
			productRefGroup = 2E496F7F2ADDCD0800ADAC9F /* Products */;
			projectDirPath = "";
			projectRoot = "";
			targets = (
				2E496F7D2ADDCD0800ADAC9F /* MapAssignment */,
				2E496F8E2ADDCD0900ADAC9F /* MapAssignmentTests */,
				2E496F982ADDCD0900ADAC9F /* MapAssignmentUITests */,
			);
		};
/* End PBXProject section */

/* Begin PBXResourcesBuildPhase section */
		2E496F7C2ADDCD0800ADAC9F /* Resources */ = {
			isa = PBXResourcesBuildPhase;
			buildActionMask = 2147483647;
			files = (
				2E496F8A2ADDCD0900ADAC9F /* Preview Assets.xcassets in Resources */,
				2E496F862ADDCD0900ADAC9F /* Assets.xcassets in Resources */,
			);
			runOnlyForDeploymentPostprocessing = 0;
		};
		2E496F8D2ADDCD0900ADAC9F /* Resources */ = {
			isa = PBXResourcesBuildPhase;
			buildActionMask = 2147483647;
			files = (
			);
			runOnlyForDeploymentPostprocessing = 0;
		};
		2E496F972ADDCD0900ADAC9F /* Resources */ = {
			isa = PBXResourcesBuildPhase;
			buildActionMask = 2147483647;
			files = (
			);
			runOnlyForDeploymentPostprocessing = 0;
		};
/* End PBXResourcesBuildPhase section */

/* Begin PBXSourcesBuildPhase section */
		2E496F7A2ADDCD0800ADAC9F /* Sources */ = {
			isa = PBXSourcesBuildPhase;
			buildActionMask = 2147483647;
			files = (
				2E496FB12ADE376B00ADAC9F /* NotificationPage.swift in Sources */,
				2E496FAD2ADE0C6000ADAC9F /* MapViewPage.swift in Sources */,
				2E496F842ADDCD0800ADAC9F /* ContentView.swift in Sources */,
				2E496FAF2ADE0D5600ADAC9F /* HomeViewPage.swift in Sources */,
				2E496F822ADDCD0800ADAC9F /* MapAssignmentApp.swift in Sources */,
			);
			runOnlyForDeploymentPostprocessing = 0;
		};
		2E496F8B2ADDCD0900ADAC9F /* Sources */ = {
			isa = PBXSourcesBuildPhase;
			buildActionMask = 2147483647;
			files = (
				2E496F942ADDCD0900ADAC9F /* MapAssignmentTests.swift in Sources */,
			);
			runOnlyForDeploymentPostprocessing = 0;
		};
		2E496F952ADDCD0900ADAC9F /* Sources */ = {
			isa = PBXSourcesBuildPhase;
			buildActionMask = 2147483647;
			files = (
				2E496FA02ADDCD0900ADAC9F /* MapAssignmentUITestsLaunchTests.swift in Sources */,
				2E496F9E2ADDCD0900ADAC9F /* MapAssignmentUITests.swift in Sources */,
			);
			runOnlyForDeploymentPostprocessing = 0;
		};
/* End PBXSourcesBuildPhase section */

/* Begin PBXTargetDependency section */
		2E496F912ADDCD0900ADAC9F /* PBXTargetDependency */ = {
			isa = PBXTargetDependency;
			target = 2E496F7D2ADDCD0800ADAC9F /* MapAssignment */;
			targetProxy = 2E496F902ADDCD0900ADAC9F /* PBXContainerItemProxy */;
		};
		2E496F9B2ADDCD0900ADAC9F /* PBXTargetDependency */ = {
			isa = PBXTargetDependency;
			target = 2E496F7D2ADDCD0800ADAC9F /* MapAssignment */;
			targetProxy = 2E496F9A2ADDCD0900ADAC9F /* PBXContainerItemProxy */;
		};
/* End PBXTargetDependency section */

/* Begin XCBuildConfiguration section */
		2E496FA12ADDCD0900ADAC9F /* Debug */ = {
			isa = XCBuildConfiguration;
			buildSettings = {
				ALWAYS_SEARCH_USER_PATHS = NO;
				ASSETCATALOG_COMPILER_GENERATE_SWIFT_ASSET_SYMBOL_EXTENSIONS = YES;
				CLANG_ANALYZER_NONNULL = YES;
				CLANG_ANALYZER_NUMBER_OBJECT_CONVERSION = YES_AGGRESSIVE;
				CLANG_CXX_LANGUAGE_STANDARD = "gnu++20";
				CLANG_ENABLE_MODULES = YES;
				CLANG_ENABLE_OBJC_ARC = YES;
				CLANG_ENABLE_OBJC_WEAK = YES;
				CLANG_WARN_BLOCK_CAPTURE_AUTORELEASING = YES;
				CLANG_WARN_BOOL_CONVERSION = YES;
				CLANG_WARN_COMMA = YES;
				CLANG_WARN_CONSTANT_CONVERSION = YES;
				CLANG_WARN_DEPRECATED_OBJC_IMPLEMENTATIONS = YES;
				CLANG_WARN_DIRECT_OBJC_ISA_USAGE = YES_ERROR;
				CLANG_WARN_DOCUMENTATION_COMMENTS = YES;
				CLANG_WARN_EMPTY_BODY = YES;
				CLANG_WARN_ENUM_CONVERSION = YES;
				CLANG_WARN_INFINITE_RECURSION = YES;
				CLANG_WARN_INT_CONVERSION = YES;
				CLANG_WARN_NON_LITERAL_NULL_CONVERSION = YES;
				CLANG_WARN_OBJC_IMPLICIT_RETAIN_SELF = YES;
				CLANG_WARN_OBJC_LITERAL_CONVERSION = YES;
				CLANG_WARN_OBJC_ROOT_CLASS = YES_ERROR;
				CLANG_WARN_QUOTED_INCLUDE_IN_FRAMEWORK_HEADER = YES;
				CLANG_WARN_RANGE_LOOP_ANALYSIS = YES;
				CLANG_WARN_STRICT_PROTOTYPES = YES;
				CLANG_WARN_SUSPICIOUS_MOVE = YES;
				CLANG_WARN_UNGUARDED_AVAILABILITY = YES_AGGRESSIVE;
				CLANG_WARN_UNREACHABLE_CODE = YES;
				CLANG_WARN__DUPLICATE_METHOD_MATCH = YES;
				COPY_PHASE_STRIP = NO;
				DEBUG_INFORMATION_FORMAT = dwarf;
				ENABLE_STRICT_OBJC_MSGSEND = YES;
				ENABLE_TESTABILITY = YES;
				ENABLE_USER_SCRIPT_SANDBOXING = YES;
				GCC_C_LANGUAGE_STANDARD = gnu17;
				GCC_DYNAMIC_NO_PIC = NO;
				GCC_NO_COMMON_BLOCKS = YES;
				GCC_OPTIMIZATION_LEVEL = 0;
				GCC_PREPROCESSOR_DEFINITIONS = (
					"DEBUG=1",
					"$(inherited)",
				);
				GCC_WARN_64_TO_32_BIT_CONVERSION = YES;
				GCC_WARN_ABOUT_RETURN_TYPE = YES_ERROR;
				GCC_WARN_UNDECLARED_SELECTOR = YES;
				GCC_WARN_UNINITIALIZED_AUTOS = YES_AGGRESSIVE;
				GCC_WARN_UNUSED_FUNCTION = YES;
				GCC_WARN_UNUSED_VARIABLE = YES;
				LOCALIZATION_PREFERS_STRING_CATALOGS = YES;
				MTL_ENABLE_DEBUG_INFO = INCLUDE_SOURCE;
				MTL_FAST_MATH = YES;
				ONLY_ACTIVE_ARCH = YES;
				SWIFT_ACTIVE_COMPILATION_CONDITIONS = "DEBUG $(inherited)";
				SWIFT_OPTIMIZATION_LEVEL = "-Onone";
			};
			name = Debug;
		};
		2E496FA22ADDCD0900ADAC9F /* Release */ = {
			isa = XCBuildConfiguration;
			buildSettings = {
				ALWAYS_SEARCH_USER_PATHS = NO;
				ASSETCATALOG_COMPILER_GENERATE_SWIFT_ASSET_SYMBOL_EXTENSIONS = YES;
				CLANG_ANALYZER_NONNULL = YES;
				CLANG_ANALYZER_NUMBER_OBJECT_CONVERSION = YES_AGGRESSIVE;
				CLANG_CXX_LANGUAGE_STANDARD = "gnu++20";
				CLANG_ENABLE_MODULES = YES;
				CLANG_ENABLE_OBJC_ARC = YES;
				CLANG_ENABLE_OBJC_WEAK = YES;
				CLANG_WARN_BLOCK_CAPTURE_AUTORELEASING = YES;
				CLANG_WARN_BOOL_CONVERSION = YES;
				CLANG_WARN_COMMA = YES;
				CLANG_WARN_CONSTANT_CONVERSION = YES;
				CLANG_WARN_DEPRECATED_OBJC_IMPLEMENTATIONS = YES;
				CLANG_WARN_DIRECT_OBJC_ISA_USAGE = YES_ERROR;
				CLANG_WARN_DOCUMENTATION_COMMENTS = YES;
				CLANG_WARN_EMPTY_BODY = YES;
				CLANG_WARN_ENUM_CONVERSION = YES;
				CLANG_WARN_INFINITE_RECURSION = YES;
				CLANG_WARN_INT_CONVERSION = YES;
				CLANG_WARN_NON_LITERAL_NULL_CONVERSION = YES;
				CLANG_WARN_OBJC_IMPLICIT_RETAIN_SELF = YES;
				CLANG_WARN_OBJC_LITERAL_CONVERSION = YES;
				CLANG_WARN_OBJC_ROOT_CLASS = YES_ERROR;
				CLANG_WARN_QUOTED_INCLUDE_IN_FRAMEWORK_HEADER = YES;
				CLANG_WARN_RANGE_LOOP_ANALYSIS = YES;
				CLANG_WARN_STRICT_PROTOTYPES = YES;
				CLANG_WARN_SUSPICIOUS_MOVE = YES;
				CLANG_WARN_UNGUARDED_AVAILABILITY = YES_AGGRESSIVE;
				CLANG_WARN_UNREACHABLE_CODE = YES;
				CLANG_WARN__DUPLICATE_METHOD_MATCH = YES;
				COPY_PHASE_STRIP = NO;
				DEBUG_INFORMATION_FORMAT = "dwarf-with-dsym";
				ENABLE_NS_ASSERTIONS = NO;
				ENABLE_STRICT_OBJC_MSGSEND = YES;
				ENABLE_USER_SCRIPT_SANDBOXING = YES;
				GCC_C_LANGUAGE_STANDARD = gnu17;
				GCC_NO_COMMON_BLOCKS = YES;
				GCC_WARN_64_TO_32_BIT_CONVERSION = YES;
				GCC_WARN_ABOUT_RETURN_TYPE = YES_ERROR;
				GCC_WARN_UNDECLARED_SELECTOR = YES;
				GCC_WARN_UNINITIALIZED_AUTOS = YES_AGGRESSIVE;
				GCC_WARN_UNUSED_FUNCTION = YES;
				GCC_WARN_UNUSED_VARIABLE = YES;
				LOCALIZATION_PREFERS_STRING_CATALOGS = YES;
				MTL_ENABLE_DEBUG_INFO = NO;
				MTL_FAST_MATH = YES;
				SWIFT_COMPILATION_MODE = wholemodule;
			};
			name = Release;
		};
		2E496FA42ADDCD0900ADAC9F /* Debug */ = {
			isa = XCBuildConfiguration;
			buildSettings = {
				ASSETCATALOG_COMPILER_APPICON_NAME = AppIcon;
				ASSETCATALOG_COMPILER_GLOBAL_ACCENT_COLOR_NAME = AccentColor;
				CODE_SIGN_ENTITLEMENTS = MapAssignment/MapAssignment.entitlements;
				CODE_SIGN_STYLE = Automatic;
				CURRENT_PROJECT_VERSION = 1;
				DEVELOPMENT_ASSET_PATHS = "\"MapAssignment/Preview Content\"";
				DEVELOPMENT_TEAM = 6697LTF9VB;
				ENABLE_HARDENED_RUNTIME = YES;
				ENABLE_PREVIEWS = YES;
				GENERATE_INFOPLIST_FILE = YES;
				"INFOPLIST_KEY_UIApplicationSceneManifest_Generation[sdk=iphoneos*]" = YES;
				"INFOPLIST_KEY_UIApplicationSceneManifest_Generation[sdk=iphonesimulator*]" = YES;
				"INFOPLIST_KEY_UIApplicationSupportsIndirectInputEvents[sdk=iphoneos*]" = YES;
				"INFOPLIST_KEY_UIApplicationSupportsIndirectInputEvents[sdk=iphonesimulator*]" = YES;
				"INFOPLIST_KEY_UILaunchScreen_Generation[sdk=iphoneos*]" = YES;
				"INFOPLIST_KEY_UILaunchScreen_Generation[sdk=iphonesimulator*]" = YES;
				"INFOPLIST_KEY_UIStatusBarStyle[sdk=iphoneos*]" = UIStatusBarStyleDefault;
				"INFOPLIST_KEY_UIStatusBarStyle[sdk=iphonesimulator*]" = UIStatusBarStyleDefault;
				INFOPLIST_KEY_UISupportedInterfaceOrientations_iPad = "UIInterfaceOrientationPortrait UIInterfaceOrientationPortraitUpsideDown UIInterfaceOrientationLandscapeLeft UIInterfaceOrientationLandscapeRight";
				INFOPLIST_KEY_UISupportedInterfaceOrientations_iPhone = "UIInterfaceOrientationPortrait UIInterfaceOrientationLandscapeLeft UIInterfaceOrientationLandscapeRight";
				IPHONEOS_DEPLOYMENT_TARGET = 17.0;
				LD_RUNPATH_SEARCH_PATHS = "@executable_path/Frameworks";
				"LD_RUNPATH_SEARCH_PATHS[sdk=macosx*]" = "@executable_path/../Frameworks";
				MACOSX_DEPLOYMENT_TARGET = 14.0;
				MARKETING_VERSION = 1.0;
				PRODUCT_BUNDLE_IDENTIFIER = MobileAppDev.MapAssignment;
				PRODUCT_NAME = "$(TARGET_NAME)";
				SDKROOT = auto;
				SUPPORTED_PLATFORMS = "iphoneos iphonesimulator macosx";
				SWIFT_EMIT_LOC_STRINGS = YES;
				SWIFT_VERSION = 5.0;
				TARGETED_DEVICE_FAMILY = "1,2";
			};
			name = Debug;
		};
		2E496FA52ADDCD0900ADAC9F /* Release */ = {
			isa = XCBuildConfiguration;
			buildSettings = {
				ASSETCATALOG_COMPILER_APPICON_NAME = AppIcon;
				ASSETCATALOG_COMPILER_GLOBAL_ACCENT_COLOR_NAME = AccentColor;
				CODE_SIGN_ENTITLEMENTS = MapAssignment/MapAssignment.entitlements;
				CODE_SIGN_STYLE = Automatic;
				CURRENT_PROJECT_VERSION = 1;
				DEVELOPMENT_ASSET_PATHS = "\"MapAssignment/Preview Content\"";
				DEVELOPMENT_TEAM = 6697LTF9VB;
				ENABLE_HARDENED_RUNTIME = YES;
				ENABLE_PREVIEWS = YES;
				GENERATE_INFOPLIST_FILE = YES;
				"INFOPLIST_KEY_UIApplicationSceneManifest_Generation[sdk=iphoneos*]" = YES;
				"INFOPLIST_KEY_UIApplicationSceneManifest_Generation[sdk=iphonesimulator*]" = YES;
				"INFOPLIST_KEY_UIApplicationSupportsIndirectInputEvents[sdk=iphoneos*]" = YES;
				"INFOPLIST_KEY_UIApplicationSupportsIndirectInputEvents[sdk=iphonesimulator*]" = YES;
				"INFOPLIST_KEY_UILaunchScreen_Generation[sdk=iphoneos*]" = YES;
				"INFOPLIST_KEY_UILaunchScreen_Generation[sdk=iphonesimulator*]" = YES;
				"INFOPLIST_KEY_UIStatusBarStyle[sdk=iphoneos*]" = UIStatusBarStyleDefault;
				"INFOPLIST_KEY_UIStatusBarStyle[sdk=iphonesimulator*]" = UIStatusBarStyleDefault;
				INFOPLIST_KEY_UISupportedInterfaceOrientations_iPad = "UIInterfaceOrientationPortrait UIInterfaceOrientationPortraitUpsideDown UIInterfaceOrientationLandscapeLeft UIInterfaceOrientationLandscapeRight";
				INFOPLIST_KEY_UISupportedInterfaceOrientations_iPhone = "UIInterfaceOrientationPortrait UIInterfaceOrientationLandscapeLeft UIInterfaceOrientationLandscapeRight";
				IPHONEOS_DEPLOYMENT_TARGET = 17.0;
				LD_RUNPATH_SEARCH_PATHS = "@executable_path/Frameworks";
				"LD_RUNPATH_SEARCH_PATHS[sdk=macosx*]" = "@executable_path/../Frameworks";
				MACOSX_DEPLOYMENT_TARGET = 14.0;
				MARKETING_VERSION = 1.0;
				PRODUCT_BUNDLE_IDENTIFIER = MobileAppDev.MapAssignment;
				PRODUCT_NAME = "$(TARGET_NAME)";
				SDKROOT = auto;
				SUPPORTED_PLATFORMS = "iphoneos iphonesimulator macosx";
				SWIFT_EMIT_LOC_STRINGS = YES;
				SWIFT_VERSION = 5.0;
				TARGETED_DEVICE_FAMILY = "1,2";
			};
			name = Release;
		};
		2E496FA72ADDCD0900ADAC9F /* Debug */ = {
			isa = XCBuildConfiguration;
			buildSettings = {
				ALWAYS_EMBED_SWIFT_STANDARD_LIBRARIES = YES;
				BUNDLE_LOADER = "$(TEST_HOST)";
				CODE_SIGN_STYLE = Automatic;
				CURRENT_PROJECT_VERSION = 1;
				DEVELOPMENT_TEAM = 6697LTF9VB;
				GENERATE_INFOPLIST_FILE = YES;
				IPHONEOS_DEPLOYMENT_TARGET = 17.0;
				MACOSX_DEPLOYMENT_TARGET = 14.0;
				MARKETING_VERSION = 1.0;
				PRODUCT_BUNDLE_IDENTIFIER = MobileAppDev.MapAssignmentTests;
				PRODUCT_NAME = "$(TARGET_NAME)";
				SDKROOT = auto;
				SUPPORTED_PLATFORMS = "iphoneos iphonesimulator macosx";
				SWIFT_EMIT_LOC_STRINGS = NO;
				SWIFT_VERSION = 5.0;
				TARGETED_DEVICE_FAMILY = "1,2";
				TEST_HOST = "$(BUILT_PRODUCTS_DIR)/MapAssignment.app/$(BUNDLE_EXECUTABLE_FOLDER_PATH)/MapAssignment";
			};
			name = Debug;
		};
		2E496FA82ADDCD0900ADAC9F /* Release */ = {
			isa = XCBuildConfiguration;
			buildSettings = {
				ALWAYS_EMBED_SWIFT_STANDARD_LIBRARIES = YES;
				BUNDLE_LOADER = "$(TEST_HOST)";
				CODE_SIGN_STYLE = Automatic;
				CURRENT_PROJECT_VERSION = 1;
				DEVELOPMENT_TEAM = 6697LTF9VB;
				GENERATE_INFOPLIST_FILE = YES;
				IPHONEOS_DEPLOYMENT_TARGET = 17.0;
				MACOSX_DEPLOYMENT_TARGET = 14.0;
				MARKETING_VERSION = 1.0;
				PRODUCT_BUNDLE_IDENTIFIER = MobileAppDev.MapAssignmentTests;
				PRODUCT_NAME = "$(TARGET_NAME)";
				SDKROOT = auto;
				SUPPORTED_PLATFORMS = "iphoneos iphonesimulator macosx";
				SWIFT_EMIT_LOC_STRINGS = NO;
				SWIFT_VERSION = 5.0;
				TARGETED_DEVICE_FAMILY = "1,2";
				TEST_HOST = "$(BUILT_PRODUCTS_DIR)/MapAssignment.app/$(BUNDLE_EXECUTABLE_FOLDER_PATH)/MapAssignment";
			};
			name = Release;
		};
		2E496FAA2ADDCD0900ADAC9F /* Debug */ = {
			isa = XCBuildConfiguration;
			buildSettings = {
				ALWAYS_EMBED_SWIFT_STANDARD_LIBRARIES = YES;
				CODE_SIGN_STYLE = Automatic;
				CURRENT_PROJECT_VERSION = 1;
				DEVELOPMENT_TEAM = 6697LTF9VB;
				GENERATE_INFOPLIST_FILE = YES;
				IPHONEOS_DEPLOYMENT_TARGET = 17.0;
				MACOSX_DEPLOYMENT_TARGET = 14.0;
				MARKETING_VERSION = 1.0;
				PRODUCT_BUNDLE_IDENTIFIER = MobileAppDev.MapAssignmentUITests;
				PRODUCT_NAME = "$(TARGET_NAME)";
				SDKROOT = auto;
				SUPPORTED_PLATFORMS = "iphoneos iphonesimulator macosx";
				SWIFT_EMIT_LOC_STRINGS = NO;
				SWIFT_VERSION = 5.0;
				TARGETED_DEVICE_FAMILY = "1,2";
				TEST_TARGET_NAME = MapAssignment;
			};
			name = Debug;
		};
		2E496FAB2ADDCD0900ADAC9F /* Release */ = {
			isa = XCBuildConfiguration;
			buildSettings = {
				ALWAYS_EMBED_SWIFT_STANDARD_LIBRARIES = YES;
				CODE_SIGN_STYLE = Automatic;
				CURRENT_PROJECT_VERSION = 1;
				DEVELOPMENT_TEAM = 6697LTF9VB;
				GENERATE_INFOPLIST_FILE = YES;
				IPHONEOS_DEPLOYMENT_TARGET = 17.0;
				MACOSX_DEPLOYMENT_TARGET = 14.0;
				MARKETING_VERSION = 1.0;
				PRODUCT_BUNDLE_IDENTIFIER = MobileAppDev.MapAssignmentUITests;
				PRODUCT_NAME = "$(TARGET_NAME)";
				SDKROOT = auto;
				SUPPORTED_PLATFORMS = "iphoneos iphonesimulator macosx";
				SWIFT_EMIT_LOC_STRINGS = NO;
				SWIFT_VERSION = 5.0;
				TARGETED_DEVICE_FAMILY = "1,2";
				TEST_TARGET_NAME = MapAssignment;
			};
			name = Release;
		};
/* End XCBuildConfiguration section */

/* Begin XCConfigurationList section */
		2E496F792ADDCD0800ADAC9F /* Build configuration list for PBXProject "MapAssignment" */ = {
			isa = XCConfigurationList;
			buildConfigurations = (
				2E496FA12ADDCD0900ADAC9F /* Debug */,
				2E496FA22ADDCD0900ADAC9F /* Release */,
			);
			defaultConfigurationIsVisible = 0;
			defaultConfigurationName = Release;
		};
		2E496FA32ADDCD0900ADAC9F /* Build configuration list for PBXNativeTarget "MapAssignment" */ = {
			isa = XCConfigurationList;
			buildConfigurations = (
				2E496FA42ADDCD0900ADAC9F /* Debug */,
				2E496FA52ADDCD0900ADAC9F /* Release */,
			);
			defaultConfigurationIsVisible = 0;
			defaultConfigurationName = Release;
		};
		2E496FA62ADDCD0900ADAC9F /* Build configuration list for PBXNativeTarget "MapAssignmentTests" */ = {
			isa = XCConfigurationList;
			buildConfigurations = (
				2E496FA72ADDCD0900ADAC9F /* Debug */,
				2E496FA82ADDCD0900ADAC9F /* Release */,
			);
			defaultConfigurationIsVisible = 0;
			defaultConfigurationName = Release;
		};
		2E496FA92ADDCD0900ADAC9F /* Build configuration list for PBXNativeTarget "MapAssignmentUITests" */ = {
			isa = XCConfigurationList;
			buildConfigurations = (
				2E496FAA2ADDCD0900ADAC9F /* Debug */,
				2E496FAB2ADDCD0900ADAC9F /* Release */,
			);
			defaultConfigurationIsVisible = 0;
			defaultConfigurationName = Release;
		};
/* End XCConfigurationList section */
	};
	rootObject = 2E496F762ADDCD0800ADAC9F /* Project object */;
}
